
Microsoft Visual Studio Solution File, Format Version 12.00
# Visual Studio Version 16
VisualStudioVersion = 16.0.32802.440
MinimumVisualStudioVersion = 10.0.40219.1
Project("{9A19103F-16F7-4668-BE54-9A1E7A4F7556}") = "Login", "Login.csproj", "{64CB62AF-7E92-4526-81B7-AFE448ED3D41}"
EndProject
Global
	GlobalSection(SolutionConfigurationPlatforms) = preSolution
		Debug|Any CPU = Debug|Any CPU
		Release|Any CPU = Release|Any CPU
	EndGlobalSection
	GlobalSection(ProjectConfigurationPlatforms) = postSolution
		{64CB62AF-7E92-4526-81B7-AFE448ED3D41}.Debug|Any CPU.ActiveCfg = Debug|Any CPU
		{64CB62AF-7E92-4526-81B7-AFE448ED3D41}.Debug|Any CPU.Build.0 = Debug|Any CPU
		{64CB62AF-7E92-4526-81B7-AFE448ED3D41}.Release|Any CPU.ActiveCfg = Release|Any CPU
		{64CB62AF-7E92-4526-81B7-AFE448ED3D41}.Release|Any CPU.Build.0 = Release|Any CPU
	EndGlobalSection
	GlobalSection(SolutionProperties) = preSolution
		HideSolutionNode = FALSE
	EndGlobalSection
	GlobalSection(ExtensibilityGlobals) = postSolution
		SolutionGuid = {BF856A33-BFBA-4520-A99E-55729C86C875}
	EndGlobalSection
EndGlobal
